
Microsoft Visual Studio Solution File, Format Version 12.00
# Visual Studio Version 16
VisualStudioVersion = 16.0.30803.129
MinimumVisualStudioVersion = 10.0.40219.1
Project("{9A19103F-16F7-4668-BE54-9A1E7A4F7556}") = "EFBlazorBasics_Wasm.Server", "Server\EFBlazorBasics_Wasm.Server.csproj", "{835D85C7-5696-43E1-B044-B9AF699A63CA}"
EndProject
Project("{9A19103F-16F7-4668-BE54-9A1E7A4F7556}") = "EFBlazorBasics_Wasm.Client", "Client\EFBlazorBasics_Wasm.Client.csproj", "{12C19CB0-F0C9-4D95-83B4-7A0C6369EF6E}"
EndProject
Project("{9A19103F-16F7-4668-BE54-9A1E7A4F7556}") = "EFBlazorBasics_Wasm.Shared", "Shared\EFBlazorBasics_Wasm.Shared.csproj", "{CF84B995-BCA8-4656-BAA6-3F4171EFEECB}"
EndProject
Project("{2150E333-8FDC-42A3-9474-1A3956D46DE8}") = "Solution Items", "Solution Items", "{84B0F607-D3AB-4518-A3E4-0746F20A89E5}"
	ProjectSection(SolutionItems) = preProject
		README.md = README.md
	EndProjectSection
EndProject
Global
	GlobalSection(SolutionConfigurationPlatforms) = preSolution
		Debug|Any CPU = Debug|Any CPU
		Release|Any CPU = Release|Any CPU
	EndGlobalSection
	GlobalSection(ProjectConfigurationPlatforms) = postSolution
		{835D85C7-5696-43E1-B044-B9AF699A63CA}.Debug|Any CPU.ActiveCfg = Debug|Any CPU
		{835D85C7-5696-43E1-B044-B9AF699A63CA}.Debug|Any CPU.Build.0 = Debug|Any CPU
		{835D85C7-5696-43E1-B044-B9AF699A63CA}.Release|Any CPU.ActiveCfg = Release|Any CPU
		{835D85C7-5696-43E1-B044-B9AF699A63CA}.Release|Any CPU.Build.0 = Release|Any CPU
		{12C19CB0-F0C9-4D95-83B4-7A0C6369EF6E}.Debug|Any CPU.ActiveCfg = Debug|Any CPU
		{12C19CB0-F0C9-4D95-83B4-7A0C6369EF6E}.Debug|Any CPU.Build.0 = Debug|Any CPU
		{12C19CB0-F0C9-4D95-83B4-7A0C6369EF6E}.Release|Any CPU.ActiveCfg = Release|Any CPU
		{12C19CB0-F0C9-4D95-83B4-7A0C6369EF6E}.Release|Any CPU.Build.0 = Release|Any CPU
		{CF84B995-BCA8-4656-BAA6-3F4171EFEECB}.Debug|Any CPU.ActiveCfg = Debug|Any CPU
		{CF84B995-BCA8-4656-BAA6-3F4171EFEECB}.Debug|Any CPU.Build.0 = Debug|Any CPU
		{CF84B995-BCA8-4656-BAA6-3F4171EFEECB}.Release|Any CPU.ActiveCfg = Release|Any CPU
		{CF84B995-BCA8-4656-BAA6-3F4171EFEECB}.Release|Any CPU.Build.0 = Release|Any CPU
	EndGlobalSection
	GlobalSection(SolutionProperties) = preSolution
		HideSolutionNode = FALSE
	EndGlobalSection
	GlobalSection(ExtensibilityGlobals) = postSolution
		SolutionGuid = {BDD48DBD-DE97-4D32-923C-167F7627F161}
	EndGlobalSection
EndGlobal
